
Microsoft Visual Studio Solution File, Format Version 12.00
# Visual Studio Version 16
VisualStudioVersion = 16.0.33529.622
MinimumVisualStudioVersion = 10.0.40219.1
Project("{FAE04EC0-301F-11D3-BF4B-00C04F79EFBC}") = "PingTool", "PingTool\PingTool.csproj", "{7BA0D4C8-9792-427F-AFC4-E5E1840B8A6D}"
EndProject
Global
	GlobalSection(SolutionConfigurationPlatforms) = preSolution
		Debug|Any CPU = Debug|Any CPU
		Release|Any CPU = Release|Any CPU
	EndGlobalSection
	GlobalSection(ProjectConfigurationPlatforms) = postSolution
		{7BA0D4C8-9792-427F-AFC4-E5E1840B8A6D}.Debug|Any CPU.ActiveCfg = Debug|Any CPU
		{7BA0D4C8-9792-427F-AFC4-E5E1840B8A6D}.Debug|Any CPU.Build.0 = Debug|Any CPU
		{7BA0D4C8-9792-427F-AFC4-E5E1840B8A6D}.Release|Any CPU.ActiveCfg = Release|Any CPU
		{7BA0D4C8-9792-427F-AFC4-E5E1840B8A6D}.Release|Any CPU.Build.0 = Release|Any CPU
	EndGlobalSection
	GlobalSection(SolutionProperties) = preSolution
		HideSolutionNode = FALSE
	EndGlobalSection
	GlobalSection(ExtensibilityGlobals) = postSolution
		SolutionGuid = {7E32548F-8A5D-46B4-A157-AC2A97FF2D70}
	EndGlobalSection
EndGlobal
